<Project xmlns="http://schemas.microsoft.com/developer/msbuild/2003">
    <PropertyGroup>
        <ProjectGuid>{892ad55a-19cf-4115-b472-3d5a350da8ab}</ProjectGuid>
        <Configuration Condition=" '$(Configuration)' == '' ">Debug</Configuration>
        <DCC_DCCCompiler>DCC32</DCC_DCCCompiler>
        <DCC_DependencyCheckOutputName>Z:\Temp\TSTO\TSTOToolKit.exe</DCC_DependencyCheckOutputName>
        <MainSource>TSTOToolKit.dpr</MainSource>
        <FrameworkType>VCL</FrameworkType>
        <ProjectVersion>18.0</ProjectVersion>
        <Base>True</Base>
        <Config Condition="'$(Config)'==''">Debug</Config>
        <Platform Condition="'$(Platform)'==''">Win32</Platform>
        <TargetedPlatforms>1</TargetedPlatforms>
        <AppType>Application</AppType>
    </PropertyGroup>
    <PropertyGroup Condition="'$(Config)'=='Base' or '$(Base)'!=''">
        <Base>true</Base>
    </PropertyGroup>
    <PropertyGroup Condition="('$(Platform)'=='Win32' and '$(Base)'=='true') or '$(Base_Win32)'!=''">
        <Base_Win32>true</Base_Win32>
        <CfgParent>Base</CfgParent>
        <Base>true</Base>
    </PropertyGroup>
    <PropertyGroup Condition="('$(Platform)'=='Win64' and '$(Base)'=='true') or '$(Base_Win64)'!=''">
        <Base_Win64>true</Base_Win64>
        <CfgParent>Base</CfgParent>
        <Base>true</Base>
    </PropertyGroup>
    <PropertyGroup Condition="'$(Config)'=='Release' or '$(Cfg_1)'!=''">
        <Cfg_1>true</Cfg_1>
        <CfgParent>Base</CfgParent>
        <Base>true</Base>
    </PropertyGroup>
    <PropertyGroup Condition="('$(Platform)'=='Win32' and '$(Cfg_1)'=='true') or '$(Cfg_1_Win32)'!=''">
        <Cfg_1_Win32>true</Cfg_1_Win32>
        <CfgParent>Cfg_1</CfgParent>
        <Cfg_1>true</Cfg_1>
        <Base>true</Base>
    </PropertyGroup>
    <PropertyGroup Condition="'$(Config)'=='Debug' or '$(Cfg_2)'!=''">
        <Cfg_2>true</Cfg_2>
        <CfgParent>Base</CfgParent>
        <Base>true</Base>
    </PropertyGroup>
    <PropertyGroup Condition="('$(Platform)'=='Win32' and '$(Cfg_2)'=='true') or '$(Cfg_2_Win32)'!=''">
        <Cfg_2_Win32>true</Cfg_2_Win32>
        <CfgParent>Cfg_2</CfgParent>
        <Cfg_2>true</Cfg_2>
        <Base>true</Base>
    </PropertyGroup>
    <PropertyGroup Condition="'$(Base)'!=''">
        <DCC_IMPLICIT_STRING_CAST>false</DCC_IMPLICIT_STRING_CAST>
        <DCC_ExeOutput>..\Bin</DCC_ExeOutput>
        <DCC_DcuOutput>..\Dcu</DCC_DcuOutput>
        <DCC_UnitSearchPath>.\ThirdParty\Oxml 1.9;.\ThirdParty\AviWriter 2.1;.\ThirdParty\VampyreImaging 0.77.2;.\ThirdParty\VampyreImaging 0.77.2\JpegLib;.\ThirdParty\VampyreImaging 0.77.2\ZLib;.\ThirdParty\SynEdit 2.0.8\Source;.\ThirdParty\KHexEditor 1.5\source;.\ThirdParty\VirtualTreeView 6.2\Source;x.\ThirdParty\TBXToolBar\Source\TBX;x.\ThirdParty\TBXToolBar\Source\TB2K;x.\ThirdParty\TBXToolBar\Source\SpTBX;.\ThirdParty\TBXToolBar\DcuD30;.\ThirdParty\Graphics32 1.9.1;.\ThirdParty\LMD DockingPack 2014.3\Sources;.\ThirdParty\ScIntilla\DelphiSci 0.50\Source;$(DCC_UnitSearchPath)</DCC_UnitSearchPath>
        <DCC_Namespace>Vcl;Vcl.Imaging;Vcl.Touch;Vcl.Samples;Vcl.Shell;System;Xml;Data;Datasnap;Web;Soap;Winapi;Xml.Win;System.Win;$(DCC_Namespace)</DCC_Namespace>
        <SanitizedProjectName>TSTOToolKit</SanitizedProjectName>
        <VerInfo_Locale>3084</VerInfo_Locale>
        <VerInfo_Keys>CompanyName=;FileDescription=;FileVersion=1.0.0.0;InternalName=;LegalCopyright=;LegalTrademarks=;OriginalFilename=;ProductName=;ProductVersion=1.0.0.0;Comments=</VerInfo_Keys>
    </PropertyGroup>
    <PropertyGroup Condition="'$(Base_Win32)'!=''">
        <DCC_DcuOutput>..\Dcu</DCC_DcuOutput>
        <DCC_Namespace>Data.Win;Datasnap.Win;Web.Win;Soap.Win;Bde;$(DCC_Namespace)</DCC_Namespace>
        <Manifest_File>$(BDS)\bin\default_app.manifest</Manifest_File>
        <Icon_MainIcon>TSTOToolKit_Icon4.ico</Icon_MainIcon>
        <AppEnableRuntimeThemes>true</AppEnableRuntimeThemes>
        <VerInfo_Locale>1033</VerInfo_Locale>
        <VerInfo_IncludeVerInfo>true</VerInfo_IncludeVerInfo>
        <Debugger_RunParams>OldU</Debugger_RunParams>
    </PropertyGroup>
    <PropertyGroup Condition="'$(Base_Win64)'!=''">
        <Icon_MainIcon>TSTOToolKit_Icon4.ico</Icon_MainIcon>
    </PropertyGroup>
    <PropertyGroup Condition="'$(Cfg_1)'!=''">
        <Version>7.0</Version>
        <DCC_DebugInformation>0</DCC_DebugInformation>
        <DCC_LocalDebugSymbols>False</DCC_LocalDebugSymbols>
        <DCC_SymbolReferenceInfo>0</DCC_SymbolReferenceInfo>
        <DCC_Define>RELEASE;VT60;DONT_LINK_TARGA;DONT_LINK_DDS;DONT_LINK_GIF;DONT_LINK_MNG;DONT_LINK_JNG;DONT_LINK_PNM;DONT_LINK_RADHDR;DONT_LINK_EXTRAS;$(DCC_Define)</DCC_Define>
        <DCC_ExeOutput>..\Bin</DCC_ExeOutput>
        <DCC_DcuOutput>..\Dcu</DCC_DcuOutput>
        <DCC_ObjOutput>..\Dcu</DCC_ObjOutput>
        <DCC_HppOutput>..\Dcu</DCC_HppOutput>
        <DCC_ResourcePath>C:\Projects\ReportGenerator\Indy10\Sources\Core;C:\Projects\ReportGenerator\Indy10\Sources\System;C:\Projects\ReportGenerator\Indy10\Sources\Protocols;C:\Projects\DelphiCodeGenerator\Sources\VirtualTree;.\Oxml 1.9;.\AviWriter 2.1;$(DCC_ResourcePath)</DCC_ResourcePath>
        <DCC_ObjPath>C:\Projects\ReportGenerator\Indy10\Sources\Core;C:\Projects\ReportGenerator\Indy10\Sources\System;C:\Projects\ReportGenerator\Indy10\Sources\Protocols;C:\Projects\DelphiCodeGenerator\Sources\VirtualTree;.\Oxml 1.9;.\AviWriter 2.1;$(DCC_ObjPath)</DCC_ObjPath>
        <DCC_IncludePath>C:\Projects\ReportGenerator\Indy10\Sources\Core;C:\Projects\ReportGenerator\Indy10\Sources\System;C:\Projects\ReportGenerator\Indy10\Sources\Protocols;C:\Projects\DelphiCodeGenerator\Sources\VirtualTree;.\Oxml 1.9;.\AviWriter 2.1;$(DCC_IncludePath)</DCC_IncludePath>
    </PropertyGroup>
    <PropertyGroup Condition="'$(Cfg_1_Win32)'!=''">
        <VerInfo_IncludeVerInfo>true</VerInfo_IncludeVerInfo>
        <VerInfo_Locale>1033</VerInfo_Locale>
        <AppEnableRuntimeThemes>true</AppEnableRuntimeThemes>
        <AppEnableHighDPI>true</AppEnableHighDPI>
    </PropertyGroup>
    <PropertyGroup Condition="'$(Cfg_2)'!=''">
        <DCC_DcuOutput>..\Dcu</DCC_DcuOutput>
        <DCC_DebugDCUs>true</DCC_DebugDCUs>
        <Version>7.0</Version>
        <DCC_Define>DEBUG;DONT_LINK_TARGA;DONT_LINK_DDS;DONT_LINK_GIF;DONT_LINK_MNG;DONT_LINK_JNG;DONT_LINK_PNM;DONT_LINK_RADHDR;DONT_LINK_EXTRAS;VT60;$(DCC_Define)</DCC_Define>
        <DCC_ObjOutput>..\dcu</DCC_ObjOutput>
        <DCC_HppOutput>..\dcu</DCC_HppOutput>
        <DCC_SYMBOL_LIBRARY>False</DCC_SYMBOL_LIBRARY>
        <DCC_UNIT_LIBRARY>False</DCC_UNIT_LIBRARY>
        <DCC_UNIT_PLATFORM>False</DCC_UNIT_PLATFORM>
        <DCC_SYMBOL_PLATFORM>False</DCC_SYMBOL_PLATFORM>
        <DCC_ResourcePath>C:\Projects\ReportGenerator\Indy10\Sources\Core;C:\Projects\ReportGenerator\Indy10\Sources\System;C:\Projects\ReportGenerator\Indy10\Sources\Protocols;C:\Projects\DelphiCodeGenerator\Sources\VirtualTree;xC:\Projet\Composant\VirtualTree 5.51\Source;.\Oxml 1.9;.\AviWriter 2.1;$(DCC_ResourcePath)</DCC_ResourcePath>
        <DCC_ObjPath>C:\Projects\ReportGenerator\Indy10\Sources\Core;C:\Projects\ReportGenerator\Indy10\Sources\System;C:\Projects\ReportGenerator\Indy10\Sources\Protocols;C:\Projects\DelphiCodeGenerator\Sources\VirtualTree;xC:\Projet\Composant\VirtualTree 5.51\Source;.\Oxml 1.9;.\AviWriter 2.1;$(DCC_ObjPath)</DCC_ObjPath>
        <DCC_IncludePath>C:\Projects\ReportGenerator\Indy10\Sources\Core;C:\Projects\ReportGenerator\Indy10\Sources\System;C:\Projects\ReportGenerator\Indy10\Sources\Protocols;C:\Projects\DelphiCodeGenerator\Sources\VirtualTree;xC:\Projet\Composant\VirtualTree 5.51\Source;.\Oxml 1.9;.\AviWriter 2.1;$(DCC_IncludePath)</DCC_IncludePath>
    </PropertyGroup>
    <PropertyGroup Condition="'$(Cfg_2_Win32)'!=''">
        <DCC_ExeOutput>..\Bin\</DCC_ExeOutput>
        <DCC_DebugDCUs>false</DCC_DebugDCUs>
        <DCC_IMPLICIT_STRING_CAST>false</DCC_IMPLICIT_STRING_CAST>
        <Debugger_RunParams>OxldUi</Debugger_RunParams>
        <VerInfo_IncludeVerInfo>true</VerInfo_IncludeVerInfo>
        <VerInfo_Locale>1033</VerInfo_Locale>
        <AppEnableRuntimeThemes>true</AppEnableRuntimeThemes>
        <AppEnableHighDPI>true</AppEnableHighDPI>
    </PropertyGroup>
    <ProjectExtensions>
        <Borland.Personality>Delphi.Personality.12</Borland.Personality>
        <Borland.ProjectType/>
        <BorlandProject>
            <Delphi.Personality>
                <Parameters>
                    <Parameters Name="UseLauncher">False</Parameters>
                    <Parameters Name="LoadAllSymbols">True</Parameters>
                    <Parameters Name="LoadUnspecifiedSymbols">False</Parameters>
                    <Parameters Name="RunParams">OldU</Parameters>
                </Parameters>
                <VersionInfo>
                    <VersionInfo Name="IncludeVerInfo">False</VersionInfo>
                    <VersionInfo Name="AutoIncBuild">False</VersionInfo>
                    <VersionInfo Name="MajorVer">1</VersionInfo>
                    <VersionInfo Name="MinorVer">0</VersionInfo>
                    <VersionInfo Name="Release">0</VersionInfo>
                    <VersionInfo Name="Build">0</VersionInfo>
                    <VersionInfo Name="Debug">False</VersionInfo>
                    <VersionInfo Name="PreRelease">False</VersionInfo>
                    <VersionInfo Name="Special">False</VersionInfo>
                    <VersionInfo Name="Private">False</VersionInfo>
                    <VersionInfo Name="DLL">False</VersionInfo>
                    <VersionInfo Name="Locale">3084</VersionInfo>
                    <VersionInfo Name="CodePage">1252</VersionInfo>
                </VersionInfo>
                <VersionInfoKeys>
                    <VersionInfoKeys Name="CompanyName"/>
                    <VersionInfoKeys Name="FileDescription"/>
                    <VersionInfoKeys Name="FileVersion">1.0.0.0</VersionInfoKeys>
                    <VersionInfoKeys Name="InternalName"/>
                    <VersionInfoKeys Name="LegalCopyright"/>
                    <VersionInfoKeys Name="LegalTrademarks"/>
                    <VersionInfoKeys Name="OriginalFilename"/>
                    <VersionInfoKeys Name="ProductName"/>
                    <VersionInfoKeys Name="ProductVersion">1.0.0.0</VersionInfoKeys>
                    <VersionInfoKeys Name="Comments"/>
                </VersionInfoKeys>
                <Excluded_Packages>
                    <Excluded_Packages Name="D:\Projects\ComponentDXE10\Composants Woll2Woll\fcstudio2007\bin\windows\dfcstudiowin230.bpl">Woll2Woll 1stClass Studio 2007</Excluded_Packages>
                    <Excluded_Packages Name="$(BDSBIN)\bcboffice2k230.bpl">Embarcadero C++Builder Office 2000 Servers Package</Excluded_Packages>
                    <Excluded_Packages Name="$(BDSBIN)\bcbofficexp230.bpl">Embarcadero C++Builder Office XP Servers Package</Excluded_Packages>
                    <Excluded_Packages Name="$(BDSBIN)\dcloffice2k230.bpl">Microsoft Office 2000 Sample Automation Server Wrapper Components</Excluded_Packages>
                    <Excluded_Packages Name="$(BDSBIN)\dclofficexp230.bpl">Microsoft Office XP Sample Automation Server Wrapper Components</Excluded_Packages>
                </Excluded_Packages>
                <Source>
                    <Source Name="MainSource">TSTOToolKit.dpr</Source>
                </Source>
            </Delphi.Personality>
            <ModelSupport>False</ModelSupport>
            <Platforms>
                <Platform value="Win32">True</Platform>
                <Platform value="Win64">False</Platform>
            </Platforms>
            <Deployment Version="2">
                <DeployFile LocalName="..\Bin\TSTOToolKit.exe" Configuration="Release" Class="ProjectOutput">
                    <Platform Name="Win32">
                        <RemoteName>TSTOToolKit.exe</RemoteName>
                        <Overwrite>true</Overwrite>
                    </Platform>
                </DeployFile>
                <DeployFile LocalName="..\Bin\TSTOToolKit.exe" Configuration="Debug" Class="ProjectOutput">
                    <Platform Name="Win32">
                        <RemoteName>TSTOToolKit.exe</RemoteName>
                        <Overwrite>true</Overwrite>
                    </Platform>
                </DeployFile>
                <DeployClass Name="DependencyModule">
                    <Platform Name="Win32">
                        <Operation>0</Operation>
                        <Extensions>.dll;.bpl</Extensions>
                    </Platform>
                    <Platform Name="iOSDevice64">
                        <Operation>1</Operation>
                        <Extensions>.dylib</Extensions>
                    </Platform>
                    <Platform Name="OSX32">
                        <RemoteDir>Contents\MacOS</RemoteDir>
                        <Operation>1</Operation>
                        <Extensions>.dylib</Extensions>
                    </Platform>
                    <Platform Name="iOSDevice32">
                        <Operation>1</Operation>
                        <Extensions>.dylib</Extensions>
                    </Platform>
                    <Platform Name="iOSSimulator">
                        <Operation>1</Operation>
                        <Extensions>.dylib</Extensions>
                    </Platform>
                </DeployClass>
                <DeployClass Name="ProjectOSXResource">
                    <Platform Name="OSX32">
                        <RemoteDir>Contents\Resources</RemoteDir>
                        <Operation>1</Operation>
                    </Platform>
                </DeployClass>
                <DeployClass Name="AndroidClassesDexFile">
                    <Platform Name="Android">
                        <RemoteDir>classes</RemoteDir>
                        <Operation>1</Operation>
                    </Platform>
                </DeployClass>
                <DeployClass Name="AdditionalDebugSymbols">
                    <Platform Name="Win32">
                        <RemoteDir>Contents\MacOS</RemoteDir>
                        <Operation>0</Operation>
                    </Platform>
                    <Platform Name="iOSSimulator">
                        <Operation>1</Operation>
                    </Platform>
                    <Platform Name="OSX32">
                        <RemoteDir>Contents\MacOS</RemoteDir>
                        <Operation>1</Operation>
                    </Platform>
                </DeployClass>
                <DeployClass Name="iPad_Launch768">
                    <Platform Name="iOSSimulator">
                        <Operation>1</Operation>
                    </Platform>
                    <Platform Name="iOSDevice64">
                        <Operation>1</Operation>
                    </Platform>
                    <Platform Name="iOSDevice32">
                        <Operation>1</Operation>
                    </Platform>
                </DeployClass>
                <DeployClass Name="Android_LauncherIcon144">
                    <Platform Name="Android">
                        <RemoteDir>res\drawable-xxhdpi</RemoteDir>
                        <Operation>1</Operation>
                    </Platform>
                </DeployClass>
                <DeployClass Name="AndroidLibnativeMipsFile">
                    <Platform Name="Android">
                        <RemoteDir>library\lib\mips</RemoteDir>
                        <Operation>1</Operation>
                    </Platform>
                </DeployClass>
                <DeployClass Required="true" Name="ProjectOutput">
                    <Platform Name="Win32">
                        <Operation>0</Operation>
                    </Platform>
                    <Platform Name="iOSDevice64">
                        <Operation>1</Operation>
                    </Platform>
                    <Platform Name="OSX32">
                        <RemoteDir>Contents\MacOS</RemoteDir>
                        <Operation>1</Operation>
                    </Platform>
                    <Platform Name="iOSDevice32">
                        <Operation>1</Operation>
                    </Platform>
                    <Platform Name="Android">
                        <RemoteDir>library\lib\armeabi-v7a</RemoteDir>
                        <Operation>1</Operation>
                    </Platform>
                    <Platform Name="iOSSimulator">
                        <Operation>1</Operation>
                    </Platform>
                </DeployClass>
                <DeployClass Name="DependencyFramework">
                    <Platform Name="Win32">
                        <Operation>0</Operation>
                    </Platform>
                    <Platform Name="OSX32">
                        <RemoteDir>Contents\MacOS</RemoteDir>
                        <Operation>1</Operation>
                        <Extensions>.framework</Extensions>
                    </Platform>
                </DeployClass>
                <DeployClass Name="iPhone_Launch640">
                    <Platform Name="iOSSimulator">
                        <Operation>1</Operation>
                    </Platform>
                    <Platform Name="iOSDevice64">
                        <Operation>1</Operation>
                    </Platform>
                    <Platform Name="iOSDevice32">
                        <Operation>1</Operation>
                    </Platform>
                </DeployClass>
                <DeployClass Name="iPad_Launch1024">
                    <Platform Name="iOSSimulator">
                        <Operation>1</Operation>
                    </Platform>
                    <Platform Name="iOSDevice64">
                        <Operation>1</Operation>
                    </Platform>
                    <Platform Name="iOSDevice32">
                        <Operation>1</Operation>
                    </Platform>
                </DeployClass>
                <DeployClass Name="ProjectiOSDeviceDebug">
                    <Platform Name="iOSDevice64">
                        <RemoteDir>..\$(PROJECTNAME).app.dSYM\Contents\Resources\DWARF</RemoteDir>
                        <Operation>1</Operation>
                    </Platform>
                    <Platform Name="iOSDevice32">
                        <RemoteDir>..\$(PROJECTNAME).app.dSYM\Contents\Resources\DWARF</RemoteDir>
                        <Operation>1</Operation>
                    </Platform>
                </DeployClass>
                <DeployClass Name="AndroidLibnativeX86File">
                    <Platform Name="Android">
                        <RemoteDir>library\lib\x86</RemoteDir>
                        <Operation>1</Operation>
                    </Platform>
                </DeployClass>
                <DeployClass Name="iPhone_Launch320">
                    <Platform Name="iOSSimulator">
                        <Operation>1</Operation>
                    </Platform>
                    <Platform Name="iOSDevice64">
                        <Operation>1</Operation>
                    </Platform>
                    <Platform Name="iOSDevice32">
                        <Operation>1</Operation>
                    </Platform>
                </DeployClass>
                <DeployClass Name="ProjectiOSInfoPList">
                    <Platform Name="iOSSimulator">
                        <Operation>1</Operation>
                    </Platform>
                    <Platform Name="iOSDevice64">
                        <Operation>1</Operation>
                    </Platform>
                    <Platform Name="iOSDevice32">
                        <Operation>1</Operation>
                    </Platform>
                </DeployClass>
                <DeployClass Name="AndroidLibnativeArmeabiFile">
                    <Platform Name="Android">
                        <RemoteDir>library\lib\armeabi</RemoteDir>
                        <Operation>1</Operation>
                    </Platform>
                </DeployClass>
                <DeployClass Name="DebugSymbols">
                    <Platform Name="Win32">
                        <Operation>0</Operation>
                    </Platform>
                    <Platform Name="iOSSimulator">
                        <Operation>1</Operation>
                    </Platform>
                    <Platform Name="OSX32">
                        <RemoteDir>Contents\MacOS</RemoteDir>
                        <Operation>1</Operation>
                    </Platform>
                </DeployClass>
                <DeployClass Name="iPad_Launch1536">
                    <Platform Name="iOSSimulator">
                        <Operation>1</Operation>
                    </Platform>
                    <Platform Name="iOSDevice64">
                        <Operation>1</Operation>
                    </Platform>
                    <Platform Name="iOSDevice32">
                        <Operation>1</Operation>
                    </Platform>
                </DeployClass>
                <DeployClass Name="Android_SplashImage470">
                    <Platform Name="Android">
                        <RemoteDir>res\drawable-normal</RemoteDir>
                        <Operation>1</Operation>
                    </Platform>
                </DeployClass>
                <DeployClass Name="Android_LauncherIcon96">
                    <Platform Name="Android">
                        <RemoteDir>res\drawable-xhdpi</RemoteDir>
                        <Operation>1</Operation>
                    </Platform>
                </DeployClass>
                <DeployClass Name="Android_SplashImage640">
                    <Platform Name="Android">
                        <RemoteDir>res\drawable-large</RemoteDir>
                        <Operation>1</Operation>
                    </Platform>
                </DeployClass>
                <DeployClass Name="iPhone_Launch640x1136">
                    <Platform Name="iOSSimulator">
                        <Operation>1</Operation>
                    </Platform>
                    <Platform Name="iOSDevice64">
                        <Operation>1</Operation>
                    </Platform>
                    <Platform Name="iOSDevice32">
                        <Operation>1</Operation>
                    </Platform>
                </DeployClass>
                <DeployClass Name="ProjectiOSEntitlements">
                    <Platform Name="iOSDevice64">
                        <RemoteDir>../</RemoteDir>
                        <Operation>1</Operation>
                    </Platform>
                    <Platform Name="iOSDevice32">
                        <RemoteDir>../</RemoteDir>
                        <Operation>1</Operation>
                    </Platform>
                </DeployClass>
                <DeployClass Name="Android_LauncherIcon72">
                    <Platform Name="Android">
                        <RemoteDir>res\drawable-hdpi</RemoteDir>
                        <Operation>1</Operation>
                    </Platform>
                </DeployClass>
                <DeployClass Name="AndroidGDBServer">
                    <Platform Name="Android">
                        <RemoteDir>library\lib\armeabi-v7a</RemoteDir>
                        <Operation>1</Operation>
                    </Platform>
                </DeployClass>
                <DeployClass Name="ProjectOSXInfoPList">
                    <Platform Name="OSX32">
                        <RemoteDir>Contents</RemoteDir>
                        <Operation>1</Operation>
                    </Platform>
                </DeployClass>
                <DeployClass Name="ProjectOSXEntitlements">
                    <Platform Name="OSX32">
                        <RemoteDir>../</RemoteDir>
                        <Operation>1</Operation>
                    </Platform>
                </DeployClass>
                <DeployClass Name="iPad_Launch2048">
                    <Platform Name="iOSSimulator">
                        <Operation>1</Operation>
                    </Platform>
                    <Platform Name="iOSDevice64">
                        <Operation>1</Operation>
                    </Platform>
                    <Platform Name="iOSDevice32">
                        <Operation>1</Operation>
                    </Platform>
                </DeployClass>
                <DeployClass Name="AndroidSplashStyles">
                    <Platform Name="Android">
                        <RemoteDir>res\values</RemoteDir>
                        <Operation>1</Operation>
                    </Platform>
                </DeployClass>
                <DeployClass Name="Android_SplashImage426">
                    <Platform Name="Android">
                        <RemoteDir>res\drawable-small</RemoteDir>
                        <Operation>1</Operation>
                    </Platform>
                </DeployClass>
                <DeployClass Name="AndroidSplashImageDef">
                    <Platform Name="Android">
                        <RemoteDir>res\drawable</RemoteDir>
                        <Operation>1</Operation>
                    </Platform>
                </DeployClass>
                <DeployClass Name="ProjectiOSResource">
                    <Platform Name="iOSSimulator">
                        <Operation>1</Operation>
                    </Platform>
                    <Platform Name="iOSDevice64">
                        <Operation>1</Operation>
                    </Platform>
                    <Platform Name="iOSDevice32">
                        <Operation>1</Operation>
                    </Platform>
                </DeployClass>
                <DeployClass Name="ProjectAndroidManifest">
                    <Platform Name="Android">
                        <Operation>1</Operation>
                    </Platform>
                </DeployClass>
                <DeployClass Name="Android_DefaultAppIcon">
                    <Platform Name="Android">
                        <RemoteDir>res\drawable</RemoteDir>
                        <Operation>1</Operation>
                    </Platform>
                </DeployClass>
                <DeployClass Name="File">
                    <Platform Name="Win32">
                        <Operation>0</Operation>
                    </Platform>
                    <Platform Name="iOSDevice64">
                        <Operation>0</Operation>
                    </Platform>
                    <Platform Name="OSX32">
                        <RemoteDir>Contents\Resources\StartUp\</RemoteDir>
                        <Operation>0</Operation>
                    </Platform>
                    <Platform Name="iOSDevice32">
                        <Operation>0</Operation>
                    </Platform>
                    <Platform Name="Android">
                        <Operation>0</Operation>
                    </Platform>
                    <Platform Name="iOSSimulator">
                        <Operation>0</Operation>
                    </Platform>
                </DeployClass>
                <DeployClass Name="AndroidServiceOutput">
                    <Platform Name="Android">
                        <RemoteDir>library\lib\armeabi-v7a</RemoteDir>
                        <Operation>1</Operation>
                    </Platform>
                </DeployClass>
                <DeployClass Required="true" Name="DependencyPackage">
                    <Platform Name="Win32">
                        <Operation>0</Operation>
                        <Extensions>.bpl</Extensions>
                    </Platform>
                    <Platform Name="iOSDevice64">
                        <Operation>1</Operation>
                        <Extensions>.dylib</Extensions>
                    </Platform>
                    <Platform Name="OSX32">
                        <RemoteDir>Contents\MacOS</RemoteDir>
                        <Operation>1</Operation>
                        <Extensions>.dylib</Extensions>
                    </Platform>
                    <Platform Name="iOSDevice32">
                        <Operation>1</Operation>
                        <Extensions>.dylib</Extensions>
                    </Platform>
                    <Platform Name="iOSSimulator">
                        <Operation>1</Operation>
                        <Extensions>.dylib</Extensions>
                    </Platform>
                </DeployClass>
                <DeployClass Name="Android_LauncherIcon48">
                    <Platform Name="Android">
                        <RemoteDir>res\drawable-mdpi</RemoteDir>
                        <Operation>1</Operation>
                    </Platform>
                </DeployClass>
                <DeployClass Name="Android_SplashImage960">
                    <Platform Name="Android">
                        <RemoteDir>res\drawable-xlarge</RemoteDir>
                        <Operation>1</Operation>
                    </Platform>
                </DeployClass>
                <DeployClass Name="Android_LauncherIcon36">
                    <Platform Name="Android">
                        <RemoteDir>res\drawable-ldpi</RemoteDir>
                        <Operation>1</Operation>
                    </Platform>
                </DeployClass>
                <DeployClass Name="ProjectiOSDeviceResourceRules">
                    <Platform Name="iOSDevice64">
                        <Operation>1</Operation>
                    </Platform>
                    <Platform Name="iOSDevice32">
                        <Operation>1</Operation>
                    </Platform>
                </DeployClass>
                <ProjectRoot Platform="iOSDevice64" Name="$(PROJECTNAME).app"/>
                <ProjectRoot Platform="Win64" Name="$(PROJECTNAME)"/>
                <ProjectRoot Platform="iOSDevice32" Name="$(PROJECTNAME).app"/>
                <ProjectRoot Platform="Win32" Name="$(PROJECTNAME)"/>
                <ProjectRoot Platform="OSX32" Name="$(PROJECTNAME).app"/>
                <ProjectRoot Platform="Android" Name="$(PROJECTNAME)"/>
                <ProjectRoot Platform="iOSSimulator" Name="$(PROJECTNAME).app"/>
            </Deployment>
        </BorlandProject>
        <ProjectFileVersion>12</ProjectFileVersion>
    </ProjectExtensions>
    <Import Project="$(BDS)\Bin\CodeGear.Delphi.Targets"/>
    <ItemGroup>
        <DelphiCompile Include="$(MainSource)">
            <MainSource>MainSource</MainSource>
        </DelphiCompile>
        <DCCReference Include="CustomPatchFrm.pas">
            <Form>FrmCustomPatches</Form>
        </DCCReference>
        <DCCReference Include="dmImage.pas">
            <Form>DataModuleImage</Form>
            <DesignClass>TDataModule</DesignClass>
        </DCCReference>
        <DCCReference Include="HsUnits\HsAlarmEx.pas"/>
        <DCCReference Include="HsUnits\HsBase64Ex.pas">
            <Form>,
  HsBaseConvEx in &apos;HsUnits\HsBaseConvEx.pas&apos;,
  HsCheckSumEx in &apos;HsUnits\HsCheckSumEx.pas&apos;,
  HsClipBoardEx in &apos;HsUnits\HsClipBoardEx.pas&apos;,
  HsEncodingEx in &apos;HsUnits\HsEncodingEx.pas&apos;,
  HsEventListEx in &apos;HsUnits\HsEventListEx.pas&apos;,
  HsFunctionsEx in &apos;HsUnits\HsFunctionsEx.pas&apos;,
  HsHttpEx in &apos;HsUnits\HsHttpEx.pas&apos;,
  HsInterfaceEx in &apos;HsUnits\HsInterfaceEx.pas&apos;,
  HsJSonEx in &apos;HsUnits\HsJSonEx.pas&apos;,
  HsJSonFormatterEx in &apos;HsUnits\HsJSonFormatterEx.pas&apos;,
  HsListEx in &apos;HsUnits\HsListEx.pas&apos;,
  HsStreamEx in &apos;HsUnits\HsStreamEx.pas&apos;,
  HsStringListEx in &apos;HsUnits\HsStringListEx.pas&apos;,
  HsSuperObjectEx in &apos;HsUnits\HsSuperObjectEx.pas&apos;,
  HsXmlDocEx in &apos;HsUnits\HsXmlDocEx.pas&apos;,
  HsZipUtils in &apos;HsUnits\HsZipUtils.pas&apos;,
  ImagingRgb in &apos;Vampyre\ImagingRgb.pas&apos;,
  IntfReg in &apos;IntfReg.pas&apos;,
  MainDckFrm in &apos;MainDckFrm.pas&apos; {FrmDckMain</Form>
        </DCCReference>
        <DCCReference Include="HsUnits\HsBaseConvEx.pas"/>
        <DCCReference Include="HsUnits\HsCheckSumEx.pas"/>
        <DCCReference Include="HsUnits\HsClipBoardEx.pas"/>
        <DCCReference Include="HsUnits\HsEncodingEx.pas"/>
        <DCCReference Include="HsUnits\HsEventListEx.pas"/>
        <DCCReference Include="HsUnits\HsFunctionsEx.pas"/>
        <DCCReference Include="HsUnits\HsHttpEx.pas"/>
        <DCCReference Include="HsUnits\HsInterfaceEx.pas"/>
        <DCCReference Include="HsUnits\HsJSonEx.pas"/>
        <DCCReference Include="HsUnits\HsJSonFormatterEx.pas"/>
        <DCCReference Include="HsUnits\HsListEx.pas"/>
        <DCCReference Include="HsUnits\HsStreamEx.pas"/>
        <DCCReference Include="HsUnits\HsStringListEx.pas"/>
        <DCCReference Include="HsUnits\HsSuperObjectEx.pas"/>
        <DCCReference Include="HsUnits\HsXmlDocEx.pas"/>
        <DCCReference Include="HsUnits\HsZipUtils.pas"/>
        <DCCReference Include="Vampyre\ImagingRgb.pas"/>
        <DCCReference Include="IntfReg.pas"/>
        <DCCReference Include="MainDckFrm.pas">
            <Form>FrmDckMain</Form>
        </DCCReference>
        <DCCReference Include="ProjectGroupSettingFrm.pas">
            <Form>FrmProjectGroupSettings</Form>
        </DCCReference>
        <DCCReference Include="ProjectSettingFrm.pas">
            <Form>FrmProjectSettings</Form>
        </DCCReference>
        <DCCReference Include="RemoveFileFromProjectFrm.pas">
            <Form>FrmRemoveFileFromProject</Form>
        </DCCReference>
        <DCCReference Include="RgbExtractProgress.pas"/>
        <DCCReference Include="SettingsFrm.pas">
            <Form>FrmSettings</Form>
        </DCCReference>
        <DCCReference Include="SptbFrm.pas">
            <Form>FrmSbtp</Form>
        </DCCReference>
        <DCCReference Include="SuperObject.pas"/>
        <DCCReference Include="TSTOBCell.pas"/>
        <DCCReference Include="BCellFile\IO\DataPlugin\TSTOBCell.Bin.pas"/>
        <DCCReference Include="BCellFile\IO\TSTOBCell.IO.pas"/>
        <DCCReference Include="BCellFile\IO\DataPlugin\TSTOBCell.Xml.pas"/>
        <DCCReference Include="BCellFile\TSTOBCellImpl.pas"/>
        <DCCReference Include="BCellFile\TSTOBCellIntf.pas"/>
        <DCCReference Include="BsvFile\IO\DataPlugin\TSTOBsv.Bin.pas"/>
        <DCCReference Include="BsvFile\IO\TSTOBsv.IO.pas"/>
        <DCCReference Include="BsvFile\IO\DataPlugin\TSTOBsv.Xml.pas"/>
        <DCCReference Include="BsvFile\TSTOBsvImpl.pas"/>
        <DCCReference Include="BsvFile\TSTOBsvIntf.pas"/>
        <DCCReference Include="BsvFile\TSTOBsvIntfReg.pas"/>
        <DCCReference Include="CustomPatches\IO\TSTOCustomPatches.IO.pas"/>
        <DCCReference Include="CustomPatches\IO\DataPlugin\TSTOCustomPatches.Xml.pas"/>
        <DCCReference Include="CustomPatches\TSTOCustomPatchesImpl.pas"/>
        <DCCReference Include="CustomPatches\TSTOCustomPatchesIntf.pas"/>
        <DCCReference Include="CustomPatches\TSTOCustomPatchesIntfReg.pas"/>
        <DCCReference Include="Xml\TSTODlcIndex.pas"/>
        <DCCReference Include="TSTODownloader.pas"/>
        <DCCReference Include="HackMasterList\IO\DataPlugin\TSTOHackMasterList.Bin.pas"/>
        <DCCReference Include="HackMasterList\IO\TSTOHackMasterList.IO.pas"/>
        <DCCReference Include="HackMasterList\IO\DataPlugin\TSTOHackMasterList.Xml.pas"/>
        <DCCReference Include="HackMasterList\TSTOHackMasterListImpl.pas"/>
        <DCCReference Include="HackMasterList\TSTOHackMasterListIntf.pas"/>
        <DCCReference Include="TSTOHackSettings.pas"/>
        <DCCReference Include="TSTOModToolKit.pas"/>
        <DCCReference Include="TSTOPackageList.pas"/>
        <DCCReference Include="TSTOPatches.pas"/>
        <DCCReference Include="TSTOProject\IO\DataPlugin\TSTOProject.Bin.pas"/>
        <DCCReference Include="TSTOProject\IO\DataPlugin\TSTOProject.Xml.pas"/>
        <DCCReference Include="TSTOProject\TSTOProjectImpl.pas"/>
        <DCCReference Include="TSTOProject\TSTOProjectIntf.pas"/>
        <DCCReference Include="WorkSpace\IO\DataPlugin\TSTOProjectWorkSpace.Bin.pas"/>
        <DCCReference Include="WorkSpace\IO\TSTOProjectWorkSpace.IO.pas"/>
        <DCCReference Include="WorkSpace\TSTOProjectWorkSpace.Types.pas"/>
        <DCCReference Include="WorkSpace\IO\DataPlugin\TSTOProjectWorkSpace.Xml.pas"/>
        <DCCReference Include="WorkSpace\TSTOProjectWorkSpaceImpl.pas"/>
        <DCCReference Include="WorkSpace\TSTOProjectWorkSpaceIntf.pas"/>
        <DCCReference Include="WorkSpace\TSTOProjectWorkSpaceIntfReg.pas"/>
        <DCCReference Include="TSTORessource.pas"/>
        <DCCReference Include="TSTORgb.pas"/>
        <DCCReference Include="TSTORgbTrans.pas"/>
        <DCCReference Include="SbtpFile\IO\DataPlugin\TSTOSbtp.Bin.pas"/>
        <DCCReference Include="SbtpFile\IO\TSTOSbtp.IO.pas"/>
        <DCCReference Include="SbtpFile\IO\DataPlugin\TSTOSbtp.JSon.pas"/>
        <DCCReference Include="SbtpFile\IO\DataPlugin\TSTOSbtp.Xml.pas"/>
        <DCCReference Include="SbtpFile\IO\DataPlugin\TSTOSbtpEx.JSon.pas"/>
        <DCCReference Include="SbtpFile\TSTOSbtpImpl.pas"/>
        <DCCReference Include="SbtpFile\TSTOSbtpIntf.pas"/>
        <DCCReference Include="SbtpFile\TSTOSbtpIntfReg.pas"/>
        <DCCReference Include="SbtpFile\TSTOSbtpTypes.pas"/>
        <DCCReference Include="ScriptTemplates\IO\DataPlugins\TSTOScriptTemplate.Bin.pas">
            <Form>$R *.res</Form>
        </DCCReference>
        <DCCReference Include="ScriptTemplates\IO\TSTOScriptTemplate.IO.pas"/>
        <DCCReference Include="ScriptTemplates\IO\DataPlugins\TSTOScriptTemplate.Xml.pas"/>
        <DCCReference Include="ScriptTemplates\TSTOScriptTemplateImpl.pas"/>
        <DCCReference Include="ScriptTemplates\TSTOScriptTemplateIntf.pas"/>
        <DCCReference Include="ScriptTemplates\TSTOScriptTemplateIntfReg.pas"/>
        <DCCReference Include="ScriptTemplates\TSTOScriptTemplateTypes.pas"/>
        <DCCReference Include="Xml\TSTOStoreMenu.pas"/>
        <DCCReference Include="Xml\TSTOStoreMenuMaster.pas"/>
        <DCCReference Include="VirtualTree\TSTOTreeviews.pas"/>
        <DCCReference Include="Xml\TSTOXmlBaseType.pas"/>
        <DCCReference Include="ZeroFile\DataPlugin\TSTOZero.Bin.pas"/>
        <DCCReference Include="ZeroFile\TSTOZeroImpl.pas"/>
        <DCCReference Include="ZeroFile\TSTOZeroIntf.pas"/>
        <DCCReference Include="VirtualTree\VTCombos.pas"/>
        <DCCReference Include="VirtualTree\VTEditors.pas">
            <Form>$R *.res</Form>
        </DCCReference>
        <BuildConfiguration Include="Debug">
            <Key>Cfg_2</Key>
            <CfgParent>Base</CfgParent>
        </BuildConfiguration>
        <BuildConfiguration Include="Base">
            <Key>Base</Key>
        </BuildConfiguration>
        <BuildConfiguration Include="Release">
            <Key>Cfg_1</Key>
            <CfgParent>Base</CfgParent>
        </BuildConfiguration>
    </ItemGroup>
    <Import Project="$(BDS)\Bin\CodeGear.Delphi.Targets" Condition="Exists('$(BDS)\Bin\CodeGear.Delphi.Targets')"/>
    <Import Project="$(APPDATA)\Embarcadero\$(BDSAPPDATABASEDIR)\$(PRODUCTVERSION)\UserTools.proj" Condition="Exists('$(APPDATA)\Embarcadero\$(BDSAPPDATABASEDIR)\$(PRODUCTVERSION)\UserTools.proj')"/>
    <Import Project="$(MSBuildProjectName).deployproj" Condition="Exists('$(MSBuildProjectName).deployproj')"/>
</Project>
