<?xml version="1.0" encoding="utf-8"?>
<Project xmlns="http://schemas.microsoft.com/developer/msbuild/2003">
  <PropertyGroup>
    <ProjectGuid>{d9030fb6-5d07-415b-801a-9abbf2f47119}</ProjectGuid>
    <MainSource>PluginDemo.dpr</MainSource>
    <Configuration Condition=" '$(Configuration)' == '' ">Debug</Configuration>
    <Platform Condition=" '$(Platform)' == '' ">AnyCPU</Platform>
    <DCC_DCCCompiler>DCC32</DCC_DCCCompiler>
    <DCC_DependencyCheckOutputName>..\..\..\..\Bin\Plugins\DemoPlugin\PluginDemo.dll</DCC_DependencyCheckOutputName>
  </PropertyGroup>
  <PropertyGroup Condition=" '$(Configuration)|$(Platform)' == 'Release|AnyCPU' ">
    <Version>7.0</Version>
    <DCC_DebugInformation>False</DCC_DebugInformation>
    <DCC_LocalDebugSymbols>False</DCC_LocalDebugSymbols>
    <DCC_SymbolReferenceInfo>0</DCC_SymbolReferenceInfo>
    <DCC_Define>RELEASE</DCC_Define>
  </PropertyGroup>
  <PropertyGroup Condition=" '$(Configuration)|$(Platform)' == 'Debug|AnyCPU' ">
    <Version>7.0</Version>
    <DCC_Define>DEBUG</DCC_Define>
    <DCC_ExeOutput>..\..\..\..\Bin\Plugins\DemoPlugin</DCC_ExeOutput>
    <DCC_DcuOutput>..\Dcu</DCC_DcuOutput>
    <DCC_ObjOutput>..\Dcu</DCC_ObjOutput>
    <DCC_HppOutput>..\Dcu</DCC_HppOutput>
  </PropertyGroup>
  <ProjectExtensions>
    <Borland.Personality>Delphi.Personality</Borland.Personality>
    <Borland.ProjectType>VCLApplication</Borland.ProjectType>
    <BorlandProject>
<BorlandProject><Delphi.Personality><Parameters><Parameters Name="UseLauncher">False</Parameters><Parameters Name="LoadAllSymbols">True</Parameters><Parameters Name="LoadUnspecifiedSymbols">False</Parameters>  <Parameters Name="HostApplication">..\..\..\..\Bin\TSTOPluginTester.exe</Parameters>
    </Parameters><VersionInfo><VersionInfo Name="IncludeVerInfo">True</VersionInfo><VersionInfo Name="AutoIncBuild">False</VersionInfo><VersionInfo Name="MajorVer">1</VersionInfo><VersionInfo Name="MinorVer">0</VersionInfo><VersionInfo Name="Release">0</VersionInfo><VersionInfo Name="Build">0</VersionInfo><VersionInfo Name="Debug">False</VersionInfo><VersionInfo Name="PreRelease">False</VersionInfo><VersionInfo Name="Special">False</VersionInfo><VersionInfo Name="Private">False</VersionInfo><VersionInfo Name="DLL">False</VersionInfo><VersionInfo Name="Locale">1033</VersionInfo><VersionInfo Name="CodePage">1252</VersionInfo></VersionInfo><VersionInfoKeys><VersionInfoKeys Name="CompanyName"></VersionInfoKeys><VersionInfoKeys Name="FileDescription">PluginDemo</VersionInfoKeys><VersionInfoKeys Name="FileVersion">1.0.0.0</VersionInfoKeys><VersionInfoKeys Name="InternalName"></VersionInfoKeys><VersionInfoKeys Name="LegalCopyright"></VersionInfoKeys><VersionInfoKeys Name="LegalTrademarks"></VersionInfoKeys><VersionInfoKeys Name="OriginalFilename"></VersionInfoKeys><VersionInfoKeys Name="ProductName">PluginDemo</VersionInfoKeys><VersionInfoKeys Name="ProductVersion">1.0.0.0</VersionInfoKeys><VersionInfoKeys Name="Comments"></VersionInfoKeys>  <VersionInfoKeys Name="ProgramID">com.embarcadero.PluginDemo</VersionInfoKeys>
    </VersionInfoKeys><Excluded_Packages>
      
      
      
      
      
      
      
      
      
      
      
      
      
      
      
      
      
      
      
      
      
      
      
      
      
      
      
      
      
      
      
      
      
      
      
      
      
      
      
      
      
      
      
      
      
      
      
      
      
      
      
      
      
      
      
      
      
      
      
      
      
      
      
      
      
      
      
      
      
      
      
      
      
      
      
      
      
      
      
      
      
      
      
      
      
      
      
      
      
      
      
      
      
      
      
      
      
      
      
      
      
      
      
      
      
      
      
      
      
      
      
      
      
      
      
      
      
      
      
      
      
      
      
      
      
      
      
      
      
      
      
      
      
      
      
      
      
      
      
      
      
      
      
      
      
      
      
      <Excluded_Packages Name="C:\Documents and Settings\All Users\Documents\RAD Studio\5.0\Bpl\dclRBE1511.bpl">ReportBuilder Enterprise</Excluded_Packages>
      <Excluded_Packages Name="C:\Projet\Composant\Pascal Script for Delphi\Dcu\D11\PascalScript_Core_D11.bpl">Fichier C:\Projet\Composant\Pascal Script for Delphi\Dcu\D11\PascalScript_Core_D11.bpl non trouvé</Excluded_Packages>
      <Excluded_Packages Name="$(BDS)\bin\dcloffice2k100.bpl">Composants Microsoft Office 2000 Sample Automation Server Wrapper</Excluded_Packages>
      <Excluded_Packages Name="$(BDS)\bin\dclofficexp100.bpl">Composants Microsoft Office XP Sample Automation Server Wrapper</Excluded_Packages>
      <Excluded_Packages Name="$(BDS)\RBuilder\Lib\dclRBU1811.bpl">ReportBuilder Sample Components</Excluded_Packages>
      <Excluded_Packages Name="$(BDS)\RBuilder\Lib\dclRAP1811.bpl">ReportBuilder RAP Language</Excluded_Packages>
      <Excluded_Packages Name="$(BDS)\RBuilder\Lib\dclRBDBE1811.bpl">ReportBuilder Data Access for dbExpress</Excluded_Packages>
    </Excluded_Packages><Source><Source Name="MainSource">PluginDemo.dpr</Source></Source></Delphi.Personality></BorlandProject></BorlandProject>
  </ProjectExtensions>
  <Import Project="$(MSBuildBinPath)\Borland.Delphi.Targets" />
  <ItemGroup>
    <DelphiCompile Include="PluginDemo.dpr">
      <MainSource>MainSource</MainSource>
    </DelphiCompile>
    <DCCReference Include="..\..\..\HsUnits\HsClipBoardEx.pas" />
    <DCCReference Include="..\..\..\HsUnits\HsEncodingEx.pas" />
    <DCCReference Include="..\..\..\HsUnits\HsEventListEx.pas" />
    <DCCReference Include="..\..\..\HsUnits\HsFunctionsEx.pas" />
    <DCCReference Include="..\..\..\HsUnits\HsInterfaceEx.pas" />
    <DCCReference Include="..\..\..\HsUnits\HsListEx.pas" />
    <DCCReference Include="..\..\..\HsUnits\HsStreamEx.pas" />
    <DCCReference Include="..\..\..\HsUnits\HsStringListEx.pas" />
    <DCCReference Include="..\..\..\HsUnits\HsXmlDocEx.pas" />
    <DCCReference Include="..\..\TSTOSDK\TSTOCustomPatches.IO.pas" />
    <DCCReference Include="..\..\TSTOSDK\TSTOCustomPatchesIntf.pas" />
    <DCCReference Include="..\..\TSTOSDK\TSTOHackMasterList.IO.pas" />
    <DCCReference Include="..\..\TSTOSDK\TSTOHackMasterListIntf.pas" />
    <DCCReference Include="..\..\TSTOSDK\TSTOHackSettingsIntf.pas" />
    <DCCReference Include="..\..\TSTOSdk\TSTOPluginIntf.pas" />
    <DCCReference Include="..\..\TSTOSDK\TSTOProjectIntf.pas" />
    <DCCReference Include="..\..\TSTOSDK\TSTOProjectWorkSpace.IO.pas" />
    <DCCReference Include="..\..\TSTOSDK\TSTOProjectWorkSpaceIntf.pas" />
    <DCCReference Include="..\..\TSTOSDK\TSTORGBProgress.pas" />
    <DCCReference Include="..\..\TSTOSDK\TSTOSbtp.IO.pas" />
    <DCCReference Include="..\..\TSTOSDK\TSTOSbtpIntf.pas" />
    <DCCReference Include="..\..\TSTOSDK\TSTOScriptTemplate.IO.pas" />
    <DCCReference Include="..\..\TSTOSDK\TSTOScriptTemplateIntf.pas" />
    <DCCReference Include="PluginDemoSettingDlg.pas">
      <Form>DlgPluginDemoSetting</Form>
    </DCCReference>
    <DCCReference Include="PlugInTSTOPluginDemo.pas">
      <Form>TSTOPluginDemo</Form>
      <DesignClass>TJvPlugIn</DesignClass>
    </DCCReference>
  </ItemGroup>
</Project>