<Project xmlns="http://schemas.microsoft.com/developer/msbuild/2003">
    <PropertyGroup>
        <ProjectGuid>{256caaa7-79af-4f86-987f-f54b66e643f8}</ProjectGuid>
        <MainSource>PluginManager.dpk</MainSource>
        <Configuration Condition=" '$(Configuration)' == '' ">Debug</Configuration>
        <DCC_DCCCompiler>DCC32</DCC_DCCCompiler>
        <DCC_DependencyCheckOutputName>..\..\..\..\Bin\Plugins\PluginManager.bpl</DCC_DependencyCheckOutputName>
        <Base>True</Base>
        <Config Condition="'$(Config)'==''">Debug</Config>
        <TargetedPlatforms>1</TargetedPlatforms>
        <AppType>Package</AppType>
        <FrameworkType>None</FrameworkType>
        <ProjectVersion>18.5</ProjectVersion>
        <Platform Condition="'$(Platform)'==''">Win32</Platform>
    </PropertyGroup>
    <PropertyGroup Condition="'$(Config)'=='Base' or '$(Base)'!=''">
        <Base>true</Base>
    </PropertyGroup>
    <PropertyGroup Condition="('$(Platform)'=='Android' and '$(Base)'=='true') or '$(Base_Android)'!=''">
        <Base_Android>true</Base_Android>
        <CfgParent>Base</CfgParent>
        <Base>true</Base>
    </PropertyGroup>
    <PropertyGroup Condition="('$(Platform)'=='Win32' and '$(Base)'=='true') or '$(Base_Win32)'!=''">
        <Base_Win32>true</Base_Win32>
        <CfgParent>Base</CfgParent>
        <Base>true</Base>
    </PropertyGroup>
    <PropertyGroup Condition="('$(Platform)'=='Win64' and '$(Base)'=='true') or '$(Base_Win64)'!=''">
        <Base_Win64>true</Base_Win64>
        <CfgParent>Base</CfgParent>
        <Base>true</Base>
    </PropertyGroup>
    <PropertyGroup Condition="'$(Config)'=='Release' or '$(Cfg_1)'!=''">
        <Cfg_1>true</Cfg_1>
        <CfgParent>Base</CfgParent>
        <Base>true</Base>
    </PropertyGroup>
    <PropertyGroup Condition="'$(Config)'=='Debug' or '$(Cfg_2)'!=''">
        <Cfg_2>true</Cfg_2>
        <CfgParent>Base</CfgParent>
        <Base>true</Base>
    </PropertyGroup>
    <PropertyGroup Condition="'$(Base)'!=''">
        <DCC_E>false</DCC_E>
        <DCC_F>false</DCC_F>
        <DCC_K>false</DCC_K>
        <DCC_N>false</DCC_N>
        <DCC_S>false</DCC_S>
        <DCC_ImageBase>00400000</DCC_ImageBase>
        <GenDll>true</GenDll>
        <GenPackage>true</GenPackage>
        <SanitizedProjectName>PluginManager</SanitizedProjectName>
        <DCC_DebugInformation>1</DCC_DebugInformation>
        <RuntimeOnlyPackage>true</RuntimeOnlyPackage>
        <VerInfo_Locale>1033</VerInfo_Locale>
        <VerInfo_Keys>CompanyName=;FileDescription=PluginManager;FileVersion=1.0.0.0;InternalName=;LegalCopyright=;LegalTrademarks=;OriginalFilename=;ProductName=PluginManager;ProductVersion=1.0.0.0;Comments=;ProgramID=com.embarcadero.PluginManager</VerInfo_Keys>
        <DCC_Namespace>System;Xml;Data;Datasnap;Web;Soap;Winapi;Vcl;Vcl.Imaging;Vcl.Touch;Vcl.Samples;Vcl.Shell;$(DCC_Namespace)</DCC_Namespace>
        <DCC_BplOutput>..\..\..\..\Bin\Plugins\</DCC_BplOutput>
        <DCC_DcuOutput>..\Dcu</DCC_DcuOutput>
        <VerInfo_IncludeVerInfo>true</VerInfo_IncludeVerInfo>
    </PropertyGroup>
    <PropertyGroup Condition="'$(Base_Android)'!=''">
        <VerInfo_Keys>package=com.embarcadero.$(MSBuildProjectName);label=$(MSBuildProjectName);versionCode=1;versionName=1.0.0;persistent=False;restoreAnyVersion=False;installLocation=auto;largeHeap=False;theme=TitleBar;hardwareAccelerated=true;apiKey=</VerInfo_Keys>
        <BT_BuildType>Debug</BT_BuildType>
        <VerInfo_IncludeVerInfo>false</VerInfo_IncludeVerInfo>
        <EnabledSysJars>android-support-v4.dex.jar;cloud-messaging.dex.jar;fmx.dex.jar;google-analytics-v2.dex.jar;google-play-billing.dex.jar;google-play-licensing.dex.jar;google-play-services-ads-7.0.0.dex.jar;google-play-services-analytics-7.0.0.dex.jar;google-play-services-base-7.0.0.dex.jar;google-play-services-gcm-7.0.0.dex.jar;google-play-services-identity-7.0.0.dex.jar;google-play-services-maps-7.0.0.dex.jar;google-play-services-panorama-7.0.0.dex.jar;google-play-services-plus-7.0.0.dex.jar;google-play-services-wallet-7.0.0.dex.jar</EnabledSysJars>
    </PropertyGroup>
    <PropertyGroup Condition="'$(Base_Win32)'!=''">
        <DCC_Namespace>System.Win;Data.Win;Datasnap.Win;Web.Win;Soap.Win;Xml.Win;Bde;$(DCC_Namespace)</DCC_Namespace>
        <BT_BuildType>Debug</BT_BuildType>
        <VerInfo_IncludeVerInfo>true</VerInfo_IncludeVerInfo>
        <VerInfo_Keys>CompanyName=;FileDescription=$(MSBuildProjectName);FileVersion=1.0.0.0;InternalName=;LegalCopyright=;LegalTrademarks=;OriginalFilename=;ProductName=$(MSBuildProjectName);ProductVersion=1.0.0.0;Comments=;ProgramID=com.embarcadero.$(MSBuildProjectName)</VerInfo_Keys>
        <VerInfo_Locale>1033</VerInfo_Locale>
        <Debugger_HostApplication>..\..\..\..\Bin\TSTOPluginTester.exe</Debugger_HostApplication>
        <Icon_MainIcon>PluginManager_Icon.ico</Icon_MainIcon>
    </PropertyGroup>
    <PropertyGroup Condition="'$(Base_Win64)'!=''">
        <Icon_MainIcon>PluginManager_Icon.ico</Icon_MainIcon>
    </PropertyGroup>
    <PropertyGroup Condition="'$(Cfg_1)'!=''">
        <Version>7.0</Version>
        <DCC_DebugInformation>0</DCC_DebugInformation>
        <DCC_LocalDebugSymbols>False</DCC_LocalDebugSymbols>
        <DCC_SymbolReferenceInfo>0</DCC_SymbolReferenceInfo>
        <DCC_Define>RELEASE;$(DCC_Define)</DCC_Define>
    </PropertyGroup>
    <PropertyGroup Condition="'$(Cfg_2)'!=''">
        <Version>7.0</Version>
        <DCC_DcuOutput>..\Dcu</DCC_DcuOutput>
        <DCC_ObjOutput>..\Dcu</DCC_ObjOutput>
        <DCC_HppOutput>..\Dcu</DCC_HppOutput>
        <DCC_BplOutput>..\..\..\..\Bin\Plugins\</DCC_BplOutput>
    </PropertyGroup>
    <ProjectExtensions>
        <Borland.Personality>Delphi.Personality.12</Borland.Personality>
        <Borland.ProjectType>Package</Borland.ProjectType>
        <BorlandProject>
            <Delphi.Personality>
                <Parameters>
                    <Parameters Name="UseLauncher">False</Parameters>
                    <Parameters Name="LoadAllSymbols">True</Parameters>
                    <Parameters Name="LoadUnspecifiedSymbols">False</Parameters>
                    <Parameters Name="HostApplication">..\..\..\..\Bin\TSTOPluginTester.exe</Parameters>
                </Parameters>
                <VersionInfo>
                    <VersionInfo Name="IncludeVerInfo">True</VersionInfo>
                    <VersionInfo Name="AutoIncBuild">False</VersionInfo>
                    <VersionInfo Name="MajorVer">1</VersionInfo>
                    <VersionInfo Name="MinorVer">0</VersionInfo>
                    <VersionInfo Name="Release">0</VersionInfo>
                    <VersionInfo Name="Build">0</VersionInfo>
                    <VersionInfo Name="Debug">False</VersionInfo>
                    <VersionInfo Name="PreRelease">False</VersionInfo>
                    <VersionInfo Name="Special">False</VersionInfo>
                    <VersionInfo Name="Private">False</VersionInfo>
                    <VersionInfo Name="DLL">False</VersionInfo>
                    <VersionInfo Name="Locale">1033</VersionInfo>
                    <VersionInfo Name="CodePage">1252</VersionInfo>
                </VersionInfo>
                <VersionInfoKeys>
                    <VersionInfoKeys Name="CompanyName"/>
                    <VersionInfoKeys Name="FileDescription">PluginManager</VersionInfoKeys>
                    <VersionInfoKeys Name="FileVersion">1.0.0.0</VersionInfoKeys>
                    <VersionInfoKeys Name="InternalName"/>
                    <VersionInfoKeys Name="LegalCopyright"/>
                    <VersionInfoKeys Name="LegalTrademarks"/>
                    <VersionInfoKeys Name="OriginalFilename"/>
                    <VersionInfoKeys Name="ProductName">PluginManager</VersionInfoKeys>
                    <VersionInfoKeys Name="ProductVersion">1.0.0.0</VersionInfoKeys>
                    <VersionInfoKeys Name="Comments"/>
                    <VersionInfoKeys Name="ProgramID">com.embarcadero.PluginManager</VersionInfoKeys>
                </VersionInfoKeys>
                <Excluded_Packages>
                    <Excluded_Packages Name="C:\Users\Public\Documents\RAD Studio\5.0\Bpl\pngdelphi.bpl">File C:\Users\Public\Documents\RAD Studio\5.0\Bpl\pngdelphi.bpl not found</Excluded_Packages>
                    <Excluded_Packages Name="C:\Users\Public\Documents\RAD Studio\5.0\Bpl\dclDosCommand.bpl">File C:\Users\Public\Documents\RAD Studio\5.0\Bpl\dclDosCommand.bpl not found</Excluded_Packages>
                    <Excluded_Packages Name="C:\Users\Public\Documents\RAD Studio\5.0\Bpl\dclHsGridsEx.bpl">File C:\Users\Public\Documents\RAD Studio\5.0\Bpl\dclHsGridsEx.bpl not found</Excluded_Packages>
                    <Excluded_Packages Name="C:\Users\Public\Documents\RAD Studio\5.0\Bpl\TntUnicodeVcl_D11.bpl">File C:\Users\Public\Documents\RAD Studio\5.0\Bpl\TntUnicodeVcl_D11.bpl not found</Excluded_Packages>
                    <Excluded_Packages Name="C:\Users\Public\Documents\RAD Studio\5.0\Bpl\dclcrcontrols105.bpl">File C:\Users\Public\Documents\RAD Studio\5.0\Bpl\dclcrcontrols105.bpl not found</Excluded_Packages>
                    <Excluded_Packages Name="C:\Users\Public\Documents\RAD Studio\5.0\Bpl\dcldac105.bpl">File C:\Users\Public\Documents\RAD Studio\5.0\Bpl\dcldac105.bpl not found</Excluded_Packages>
                    <Excluded_Packages Name="C:\Users\Public\Documents\RAD Studio\5.0\Bpl\dclmysqlmon105.bpl">File C:\Users\Public\Documents\RAD Studio\5.0\Bpl\dclmysqlmon105.bpl not found</Excluded_Packages>
                    <Excluded_Packages Name="$(BDSBIN)\indy10sbridge105.bpl">Devart SecureBridge Components for Indy</Excluded_Packages>
                </Excluded_Packages>
                <Source>
                    <Source Name="MainSource">PluginManager.dpk</Source>
                </Source>
            </Delphi.Personality>
            <Platforms>
                <Platform value="Android">False</Platform>
                <Platform value="iOSDevice32">False</Platform>
                <Platform value="iOSDevice64">False</Platform>
                <Platform value="iOSSimulator">False</Platform>
                <Platform value="Linux64">False</Platform>
                <Platform value="OSX32">False</Platform>
                <Platform value="Win32">True</Platform>
                <Platform value="Win64">False</Platform>
            </Platforms>
        </BorlandProject>
        <ProjectFileVersion>12</ProjectFileVersion>
    </ProjectExtensions>
    <Import Project="$(BDS)\Bin\CodeGear.Delphi.Targets"/>
    <ItemGroup>
        <DelphiCompile Include="$(MainSource)">
            <MainSource>MainSource</MainSource>
        </DelphiCompile>
        <DCCReference Include="rtl.dcp"/>
        <DCCReference Include="JvCore.dcp"/>
        <DCCReference Include="xmlrtl.dcp"/>
        <DCCReference Include="soaprtl.dcp"/>
        <DCCReference Include="inet.dcp"/>
        <DCCReference Include="SpTBXLib_d11.dcp"/>
        <DCCReference Include="tb2k_d11.dcp"/>
        <DCCReference Include="JvPluginSystem.dcp"/>
        <DCCReference Include="..\..\TSTOSdk\TSTOCustomPatches.IO.pas"/>
        <DCCReference Include="..\..\TSTOSdk\TSTOCustomPatchesIntf.pas"/>
        <DCCReference Include="..\..\TSTOSdk\TSTOHackMasterList.IO.pas"/>
        <DCCReference Include="..\..\TSTOSdk\TSTOHackMasterListIntf.pas"/>
        <DCCReference Include="..\..\TSTOSdk\TSTOHackSettingsIntf.pas"/>
        <DCCReference Include="..\..\TSTOSdk\TSTOPluginIntf.pas"/>
        <DCCReference Include="..\..\TSTOSdk\TSTOProjectIntf.pas"/>
        <DCCReference Include="..\..\TSTOSdk\TSTOProjectWorkSpace.IO.pas"/>
        <DCCReference Include="..\..\TSTOSdk\TSTOProjectWorkSpaceIntf.pas"/>
        <DCCReference Include="..\..\TSTOSdk\TSTORGBProgress.pas"/>
        <DCCReference Include="..\..\TSTOSdk\TSTOSbtp.IO.pas"/>
        <DCCReference Include="..\..\TSTOSdk\TSTOSbtpIntf.pas"/>
        <DCCReference Include="..\..\TSTOSdk\TSTOScriptTemplate.IO.pas"/>
        <DCCReference Include="..\..\TSTOSdk\TSTOScriptTemplateIntf.pas"/>
        <DCCReference Include="DlgTSTOPluginManager.pas">
            <Form>TSTOPluginManagerDlg</Form>
        </DCCReference>
        <DCCReference Include="TSTOPluginManagerIntf.pas"/>
        <DCCReference Include="..\..\..\HsUnits\HsXmlDocEx.pas"/>
        <DCCReference Include="..\..\..\HsUnits\HsStringListEx.pas"/>
        <DCCReference Include="..\..\..\HsUnits\HsStreamEx.pas"/>
        <DCCReference Include="..\..\..\HsUnits\HsListEx.pas"/>
        <DCCReference Include="..\..\..\HsUnits\HsInterfaceEx.pas"/>
        <DCCReference Include="..\..\..\HsUnits\HsFunctionsEx.pas"/>
        <DCCReference Include="..\..\..\HsUnits\HsEventListEx.pas"/>
        <DCCReference Include="..\..\..\HsUnits\HsEncodingEx.pas"/>
        <DCCReference Include="..\..\..\HsUnits\HsClipBoardEx.pas"/>
        <DCCReference Include="..\..\TSTOSdk\PlgTSTOCustomPlugin.pas">
            <Form>TSTOCustomPlugin</Form>
            <DesignClass>TJvPlugIn</DesignClass>
        </DCCReference>
        <DCCReference Include="PlgTSTOPluginManager.pas">
            <Form>TSTOPluginManager</Form>
            <DesignClass>TJvPlugIn</DesignClass>
        </DCCReference>
        <BuildConfiguration Include="Debug">
            <Key>Cfg_2</Key>
            <CfgParent>Base</CfgParent>
        </BuildConfiguration>
        <BuildConfiguration Include="Base">
            <Key>Base</Key>
        </BuildConfiguration>
        <BuildConfiguration Include="Release">
            <Key>Cfg_1</Key>
            <CfgParent>Base</CfgParent>
        </BuildConfiguration>
    </ItemGroup>
    <Import Project="$(BDS)\Bin\CodeGear.Delphi.Targets" Condition="Exists('$(BDS)\Bin\CodeGear.Delphi.Targets')"/>
    <Import Project="$(APPDATA)\Embarcadero\$(BDSAPPDATABASEDIR)\$(PRODUCTVERSION)\UserTools.proj" Condition="Exists('$(APPDATA)\Embarcadero\$(BDSAPPDATABASEDIR)\$(PRODUCTVERSION)\UserTools.proj')"/>
</Project>
