<?xml version="1.0" encoding="utf-8"?>
<Project xmlns="http://schemas.microsoft.com/developer/msbuild/2003">
  <PropertyGroup>
    <ProjectGuid>{db1a1c4d-19e6-4fd9-9e2c-80464bdf67bc}</ProjectGuid>
    <MainSource>PluginManager.dpk</MainSource>
    <Configuration Condition=" '$(Configuration)' == '' ">Debug</Configuration>
    <Platform Condition=" '$(Platform)' == '' ">AnyCPU</Platform>
    <DCC_DCCCompiler>DCC32</DCC_DCCCompiler>
    <DCC_DependencyCheckOutputName>..\..\..\..\Bin\Plugins\PluginManager.bpl</DCC_DependencyCheckOutputName>
  </PropertyGroup>
  <PropertyGroup Condition=" '$(Configuration)|$(Platform)' == 'Release|AnyCPU' ">
    <Version>7.0</Version>
    <DCC_DebugInformation>False</DCC_DebugInformation>
    <DCC_LocalDebugSymbols>False</DCC_LocalDebugSymbols>
    <DCC_SymbolReferenceInfo>0</DCC_SymbolReferenceInfo>
    <DCC_Define>RELEASE</DCC_Define>
  </PropertyGroup>
  <PropertyGroup Condition=" '$(Configuration)|$(Platform)' == 'Debug|AnyCPU' ">
    <Version>7.0</Version>
    <DCC_UnitSearchPath>..\..\..\HsUnits</DCC_UnitSearchPath>
    <DCC_ResourcePath>..\..\..\HsUnits</DCC_ResourcePath>
    <DCC_ObjPath>..\..\..\HsUnits</DCC_ObjPath>
    <DCC_IncludePath>..\..\..\HsUnits</DCC_IncludePath>
    <DCC_DcuOutput>..\Dcu</DCC_DcuOutput>
    <DCC_ObjOutput>..\Dcu</DCC_ObjOutput>
    <DCC_HppOutput>..\Dcu</DCC_HppOutput>
    <DCC_BplOutput>..\..\..\..\Bin\Plugins\</DCC_BplOutput>
  </PropertyGroup>
  <ProjectExtensions>
    <Borland.Personality>Delphi.Personality</Borland.Personality>
    <Borland.ProjectType>Package</Borland.ProjectType>
    <BorlandProject>
<BorlandProject><Delphi.Personality><Parameters><Parameters Name="UseLauncher">False</Parameters><Parameters Name="LoadAllSymbols">True</Parameters><Parameters Name="LoadUnspecifiedSymbols">False</Parameters>  <Parameters Name="HostApplication">..\..\..\..\Bin\TSTOPluginTester.exe</Parameters>
    </Parameters><Package_Options><Package_Options Name="ImplicitBuild">True</Package_Options><Package_Options Name="DesigntimeOnly">False</Package_Options><Package_Options Name="RuntimeOnly">True</Package_Options></Package_Options><VersionInfo><VersionInfo Name="IncludeVerInfo">True</VersionInfo><VersionInfo Name="AutoIncBuild">False</VersionInfo><VersionInfo Name="MajorVer">1</VersionInfo><VersionInfo Name="MinorVer">0</VersionInfo><VersionInfo Name="Release">0</VersionInfo><VersionInfo Name="Build">0</VersionInfo><VersionInfo Name="Debug">False</VersionInfo><VersionInfo Name="PreRelease">False</VersionInfo><VersionInfo Name="Special">False</VersionInfo><VersionInfo Name="Private">False</VersionInfo><VersionInfo Name="DLL">False</VersionInfo><VersionInfo Name="Locale">1033</VersionInfo><VersionInfo Name="CodePage">1252</VersionInfo></VersionInfo><VersionInfoKeys><VersionInfoKeys Name="CompanyName"></VersionInfoKeys><VersionInfoKeys Name="FileDescription">PluginManager</VersionInfoKeys><VersionInfoKeys Name="FileVersion">1.0.0.0</VersionInfoKeys><VersionInfoKeys Name="InternalName"></VersionInfoKeys><VersionInfoKeys Name="LegalCopyright"></VersionInfoKeys><VersionInfoKeys Name="LegalTrademarks"></VersionInfoKeys><VersionInfoKeys Name="OriginalFilename"></VersionInfoKeys><VersionInfoKeys Name="ProductName">PluginManager</VersionInfoKeys><VersionInfoKeys Name="ProductVersion">1.0.0.0</VersionInfoKeys><VersionInfoKeys Name="Comments"></VersionInfoKeys>  <VersionInfoKeys Name="ProgramID">com.embarcadero.PluginManager</VersionInfoKeys>
    </VersionInfoKeys><Excluded_Packages>
      
      
      
      
      
      
      
      
      
      
      
      
      
      
      
      
      
      
      
      
      
      
      
      
      
      
      
      
      
      
      
      
      
      
      
      
      
      
      
      
      
      
      
      
      
      
      
      
      
      
      
      
      
      
      
      
      
      
      
      
      
      
      
      
      
      
      
      
      
      
      
      
      
      
      
      
      
      
      
      
      
      
      
      
      
      
      
      
      
      
      
      
      
      
      
      
      
      
      
      
      
      
      
      
      
      <Excluded_Packages Name="C:\Documents and Settings\All Users\Documents\RAD Studio\5.0\Bpl\dclRBE1511.bpl">ReportBuilder Enterprise</Excluded_Packages>
      <Excluded_Packages Name="C:\Projet\Composant\Pascal Script for Delphi\Dcu\D11\PascalScript_Core_D11.bpl">Fichier C:\Projet\Composant\Pascal Script for Delphi\Dcu\D11\PascalScript_Core_D11.bpl non trouvé</Excluded_Packages>
      <Excluded_Packages Name="$(BDS)\bin\dcloffice2k100.bpl">Composants Microsoft Office 2000 Sample Automation Server Wrapper</Excluded_Packages>
      <Excluded_Packages Name="$(BDS)\bin\dclofficexp100.bpl">Composants Microsoft Office XP Sample Automation Server Wrapper</Excluded_Packages>
      <Excluded_Packages Name="$(BDS)\RBuilder\Lib\dclRBU1811.bpl">ReportBuilder Sample Components</Excluded_Packages>
      <Excluded_Packages Name="$(BDS)\RBuilder\Lib\dclRAP1811.bpl">ReportBuilder RAP Language</Excluded_Packages>
      <Excluded_Packages Name="$(BDS)\RBuilder\Lib\dclRBDBE1811.bpl">ReportBuilder Data Access for dbExpress</Excluded_Packages>
    </Excluded_Packages><Source><Source Name="MainSource">PluginManager.dpk</Source></Source></Delphi.Personality></BorlandProject></BorlandProject>
  </ProjectExtensions>
  <Import Project="$(MSBuildBinPath)\Borland.Delphi.Targets" />
  <ItemGroup>
    <DelphiCompile Include="PluginManager.dpk">
      <MainSource>MainSource</MainSource>
    </DelphiCompile>
    <DCCReference Include="$(SystemRoot)\system32\inet.dcp" />
    <DCCReference Include="$(SystemRoot)\system32\JvCore.dcp" />
    <DCCReference Include="$(SystemRoot)\system32\JvPluginSystem.dcp" />
    <DCCReference Include="$(SystemRoot)\system32\rtl.dcp" />
    <DCCReference Include="$(SystemRoot)\system32\ShareMem" />
    <DCCReference Include="$(SystemRoot)\system32\soaprtl.dcp" />
    <DCCReference Include="$(SystemRoot)\system32\SpTBXLib_d11.dcp" />
    <DCCReference Include="$(SystemRoot)\system32\tb2k_d11.dcp" />
    <DCCReference Include="$(SystemRoot)\system32\xmlrtl.dcp" />
    <DCCReference Include="..\..\TSTOSdk\TSTOCustomPatches.IO.pas" />
    <DCCReference Include="..\..\TSTOSdk\TSTOCustomPatchesIntf.pas" />
    <DCCReference Include="..\..\TSTOSdk\TSTOHackMasterList.IO.pas" />
    <DCCReference Include="..\..\TSTOSdk\TSTOHackMasterListIntf.pas" />
    <DCCReference Include="..\..\TSTOSdk\TSTOHackSettingsIntf.pas" />
    <DCCReference Include="..\..\TSTOSdk\TSTOPluginIntf.pas" />
    <DCCReference Include="..\..\TSTOSdk\TSTOProjectIntf.pas" />
    <DCCReference Include="..\..\TSTOSdk\TSTOProjectWorkSpace.IO.pas" />
    <DCCReference Include="..\..\TSTOSdk\TSTOProjectWorkSpaceIntf.pas" />
    <DCCReference Include="..\..\TSTOSdk\TSTORGBProgress.pas" />
    <DCCReference Include="..\..\TSTOSdk\TSTOSbtp.IO.pas" />
    <DCCReference Include="..\..\TSTOSdk\TSTOSbtpIntf.pas" />
    <DCCReference Include="..\..\TSTOSdk\TSTOScriptTemplate.IO.pas" />
    <DCCReference Include="..\..\TSTOSdk\TSTOScriptTemplateIntf.pas" />
    <DCCReference Include="DlgTSTOPluginManager.pas">
      <Form>TSTOPluginManagerDlg</Form>
    </DCCReference>
    <DCCReference Include="PlgTSTOPluginManager.pas">
      <Form>TSTOPluginManager</Form>
      <DesignClass>TJvPlugIn</DesignClass>
    </DCCReference>
    <DCCReference Include="TSTOPluginManagerIntf.pas" />
  </ItemGroup>
</Project>