<Project xmlns="http://schemas.microsoft.com/developer/msbuild/2003">
  <PropertyGroup>
    <ProjectGuid>{e003a50a-85e5-4b3c-be37-75380b7c1bee}</ProjectGuid>
    <Configuration Condition=" '$(Configuration)' == '' ">Debug</Configuration>
    <Platform Condition=" '$(Platform)' == '' ">AnyCPU</Platform>
    <DCC_DCCCompiler>DCC32</DCC_DCCCompiler>
    <DCC_DependencyCheckOutputName>..\Bin\TSTOPlugin.exe</DCC_DependencyCheckOutputName>
    <MainSource>TSTOPlugin.dpr</MainSource>
  </PropertyGroup>
  <PropertyGroup Condition=" '$(Configuration)|$(Platform)' == 'Release|AnyCPU' ">
    <Version>7.0</Version>
    <DCC_DebugInformation>False</DCC_DebugInformation>
    <DCC_LocalDebugSymbols>False</DCC_LocalDebugSymbols>
    <DCC_SymbolReferenceInfo>0</DCC_SymbolReferenceInfo>
    <DCC_Define>RELEASE</DCC_Define>
    <DCC_ExeOutput>..\Bin</DCC_ExeOutput>
    <DCC_DcuOutput>..\Dcu</DCC_DcuOutput>
    <DCC_ObjOutput>..\Dcu</DCC_ObjOutput>
    <DCC_HppOutput>..\Dcu</DCC_HppOutput>
  </PropertyGroup>
  <PropertyGroup Condition=" '$(Configuration)|$(Platform)' == 'Debug|AnyCPU' ">
    <Version>7.0</Version>
    <DCC_Define>DEBUG</DCC_Define>
    <DCC_ExeOutput>..\Bin</DCC_ExeOutput>
    <DCC_DcuOutput>..\Dcu</DCC_DcuOutput>
    <DCC_ObjOutput>..\Dcu</DCC_ObjOutput>
    <DCC_HppOutput>..\Dcu</DCC_HppOutput>
  </PropertyGroup>
  <ProjectExtensions>
    <Borland.Personality>Delphi.Personality</Borland.Personality>
    <Borland.ProjectType />
    <BorlandProject>
<BorlandProject><Delphi.Personality><Parameters><Parameters Name="UseLauncher">False</Parameters><Parameters Name="LoadAllSymbols">True</Parameters><Parameters Name="LoadUnspecifiedSymbols">False</Parameters></Parameters><VersionInfo><VersionInfo Name="IncludeVerInfo">False</VersionInfo><VersionInfo Name="AutoIncBuild">False</VersionInfo><VersionInfo Name="MajorVer">1</VersionInfo><VersionInfo Name="MinorVer">0</VersionInfo><VersionInfo Name="Release">0</VersionInfo><VersionInfo Name="Build">0</VersionInfo><VersionInfo Name="Debug">False</VersionInfo><VersionInfo Name="PreRelease">False</VersionInfo><VersionInfo Name="Special">False</VersionInfo><VersionInfo Name="Private">False</VersionInfo><VersionInfo Name="DLL">False</VersionInfo><VersionInfo Name="Locale">3084</VersionInfo><VersionInfo Name="CodePage">1252</VersionInfo></VersionInfo><VersionInfoKeys><VersionInfoKeys Name="CompanyName"></VersionInfoKeys><VersionInfoKeys Name="FileDescription"></VersionInfoKeys><VersionInfoKeys Name="FileVersion">1.0.0.0</VersionInfoKeys><VersionInfoKeys Name="InternalName"></VersionInfoKeys><VersionInfoKeys Name="LegalCopyright"></VersionInfoKeys><VersionInfoKeys Name="LegalTrademarks"></VersionInfoKeys><VersionInfoKeys Name="OriginalFilename"></VersionInfoKeys><VersionInfoKeys Name="ProductName"></VersionInfoKeys><VersionInfoKeys Name="ProductVersion">1.0.0.0</VersionInfoKeys><VersionInfoKeys Name="Comments"></VersionInfoKeys></VersionInfoKeys><Excluded_Packages>
      
      
      
      
      
      
      
      
      
      
      
      
      
      
      
      
      
      
      
      
      
      
      
      
      
      
      
      
      
      
      
      
      
      
      
      
      
      
      
      
      
      
      
      
      
      
      
      
      
      
      
      
      
      
      
      
      
      
      
      
      
      
      
      
      
      
      
      
      
      
      
      
      
      
      
      
      
      
      
      
      
      
      
      
      
      
      
      
      
      
      
      
      
      
      
      
      
      
      
      
      
      
      
      
      
      
      
      
      
      
      
      
      
      
      
      
      
      
      
      
      
      
      
      
      
      
      
      
      
      
      
      
      
      
      
      
      
      
      
      
      
      
      
      
      <Excluded_Packages Name="C:\Users\Public\Documents\RAD Studio\5.0\Bpl\pngdelphi.bpl">File C:\Users\Public\Documents\RAD Studio\5.0\Bpl\pngdelphi.bpl not found</Excluded_Packages>
      <Excluded_Packages Name="C:\Users\Public\Documents\RAD Studio\5.0\Bpl\dclDosCommand.bpl">File C:\Users\Public\Documents\RAD Studio\5.0\Bpl\dclDosCommand.bpl not found</Excluded_Packages>
      <Excluded_Packages Name="C:\Users\Public\Documents\RAD Studio\5.0\Bpl\dclHsGridsEx.bpl">File C:\Users\Public\Documents\RAD Studio\5.0\Bpl\dclHsGridsEx.bpl not found</Excluded_Packages>
      <Excluded_Packages Name="C:\Users\Public\Documents\RAD Studio\5.0\Bpl\TntUnicodeVcl_D11.bpl">File C:\Users\Public\Documents\RAD Studio\5.0\Bpl\TntUnicodeVcl_D11.bpl not found</Excluded_Packages>
      <Excluded_Packages Name="C:\Users\Public\Documents\RAD Studio\5.0\Bpl\dclcrcontrols105.bpl">File C:\Users\Public\Documents\RAD Studio\5.0\Bpl\dclcrcontrols105.bpl not found</Excluded_Packages>
      <Excluded_Packages Name="C:\Users\Public\Documents\RAD Studio\5.0\Bpl\dcldac105.bpl">File C:\Users\Public\Documents\RAD Studio\5.0\Bpl\dcldac105.bpl not found</Excluded_Packages>
      <Excluded_Packages Name="C:\Users\Public\Documents\RAD Studio\5.0\Bpl\dclmysqlmon105.bpl">File C:\Users\Public\Documents\RAD Studio\5.0\Bpl\dclmysqlmon105.bpl not found</Excluded_Packages>
      <Excluded_Packages Name="$(BDS)\Bin\indy10sbridge105.bpl">Devart SecureBridge Components for Indy</Excluded_Packages>
      <Excluded_Packages Name="D:\Projects\ComponentD2007\Composants TMS WebGMaps\Delphi2007\TMSWebGMapsPkgDED2007.bpl">(untitled)</Excluded_Packages>
    </Excluded_Packages><Source><Source Name="MainSource">TSTOPlugin.dpr</Source></Source></Delphi.Personality></BorlandProject></BorlandProject>
  </ProjectExtensions>
  <Import Project="$(MSBuildBinPath)\Borland.Delphi.Targets" />
  <ItemGroup>
    <DelphiCompile Include="TSTOPlugin.dpr">
      <MainSource>MainSource</MainSource>
    </DelphiCompile>
    <DCCReference Include="..\..\HsUnits\HsClipBoardEx.pas" />
    <DCCReference Include="..\..\HsUnits\HsEncodingEx.pas" />
    <DCCReference Include="..\..\HsUnits\HsEventListEx.pas" />
    <DCCReference Include="..\..\HsUnits\HsFunctionsEx.pas" />
    <DCCReference Include="..\..\HsUnits\HsInterfaceEx.pas" />
    <DCCReference Include="..\..\HsUnits\HsListEx.pas" />
    <DCCReference Include="..\..\HsUnits\HsStreamEx.pas" />
    <DCCReference Include="..\..\HsUnits\HsStringListEx.pas" />
    <DCCReference Include="..\..\HsUnits\HsXmlDocEx.pas" />
    <DCCReference Include="..\HsUnits\HsClipBoardEx.pas" />
    <DCCReference Include="..\HsUnits\HsEncodingEx.pas" />
    <DCCReference Include="..\HsUnits\HsEventListEx.pas" />
    <DCCReference Include="..\HsUnits\HsFunctionsEx.pas">
      <Form>$R *.res</Form>
    </DCCReference>
    <DCCReference Include="..\HsUnits\HsInterfaceEx.pas" />
    <DCCReference Include="..\HsUnits\HsListEx.pas" />
    <DCCReference Include="..\HsUnits\HsStreamEx.pas" />
    <DCCReference Include="..\HsUnits\HsStringListEx.pas" />
    <DCCReference Include="..\HsUnits\HsXmlDocEx.pas" />
    <DCCReference Include="TSTOPluginIntf.pas" />
    <DCCReference Include="TSTOPluginMainFrm.pas">
      <Form>Form4</Form>
    </DCCReference>
    <DCCReference Include="TSTOSDK\RGBProgress.pas" />
    <DCCReference Include="TSTOSDK\TSTOCustomPatchesIntf.pas" />
    <DCCReference Include="TSTOSDK\TSTOHackMasterListIntf.pas" />
    <DCCReference Include="TSTOSDK\TSTOHackSettingsIntf.pas" />
    <DCCReference Include="TSTOSDK\TSTOProjectIntf.pas" />
    <DCCReference Include="TSTOSDK\TSTOSbtpIntf.pas" />
    <DCCReference Include="TSTOSDK\TSTOScriptTemplateIntf.pas" />
    <DCCReference Include="TSTOSDK\TSTOScriptTemplateIntfIO.pas" />
    <DCCReference Include="TSTOSDK\TSTOWorkspaceIntf.pas">
      <Form>$R *.res</Form>
    </DCCReference>
  </ItemGroup>
</Project>